
Microsoft Visual Studio Solution File, Format Version 12.00
# Visual Studio Version 17
VisualStudioVersion = 17.11.35219.272
MinimumVisualStudioVersion = 10.0.40219.1
Project("{FAE04EC0-301F-11D3-BF4B-00C04F79EFBC}") = "Entidad", "Entidad\Entidad.csproj", "{723507D0-7FF9-4C32-83BA-84FF0F74524F}"
EndProject
Project("{FAE04EC0-301F-11D3-BF4B-00C04F79EFBC}") = "Negocio", "Negocio\Negocio.csproj", "{4CAADED5-2151-4030-A9A1-6F2F7C1CAED2}"
EndProject
Project("{FAE04EC0-301F-11D3-BF4B-00C04F79EFBC}") = "Datos", "Datos\Datos.csproj", "{24075127-AA17-4CCC-B345-7C0CC7954857}"
EndProject
Project("{FAE04EC0-301F-11D3-BF4B-00C04F79EFBC}") = "Presentacion", "Presentacion\Presentacion.csproj", "{71377CDA-3227-47A7-87DC-264C814992EF}"
EndProject
Global
	GlobalSection(SolutionConfigurationPlatforms) = preSolution
		Debug|Any CPU = Debug|Any CPU
		Release|Any CPU = Release|Any CPU
	EndGlobalSection
	GlobalSection(ProjectConfigurationPlatforms) = postSolution
		{723507D0-7FF9-4C32-83BA-84FF0F74524F}.Debug|Any CPU.ActiveCfg = Debug|Any CPU
		{723507D0-7FF9-4C32-83BA-84FF0F74524F}.Debug|Any CPU.Build.0 = Debug|Any CPU
		{723507D0-7FF9-4C32-83BA-84FF0F74524F}.Release|Any CPU.ActiveCfg = Release|Any CPU
		{723507D0-7FF9-4C32-83BA-84FF0F74524F}.Release|Any CPU.Build.0 = Release|Any CPU
		{4CAADED5-2151-4030-A9A1-6F2F7C1CAED2}.Debug|Any CPU.ActiveCfg = Debug|Any CPU
		{4CAADED5-2151-4030-A9A1-6F2F7C1CAED2}.Debug|Any CPU.Build.0 = Debug|Any CPU
		{4CAADED5-2151-4030-A9A1-6F2F7C1CAED2}.Release|Any CPU.ActiveCfg = Release|Any CPU
		{4CAADED5-2151-4030-A9A1-6F2F7C1CAED2}.Release|Any CPU.Build.0 = Release|Any CPU
		{24075127-AA17-4CCC-B345-7C0CC7954857}.Debug|Any CPU.ActiveCfg = Debug|Any CPU
		{24075127-AA17-4CCC-B345-7C0CC7954857}.Debug|Any CPU.Build.0 = Debug|Any CPU
		{24075127-AA17-4CCC-B345-7C0CC7954857}.Release|Any CPU.ActiveCfg = Release|Any CPU
		{24075127-AA17-4CCC-B345-7C0CC7954857}.Release|Any CPU.Build.0 = Release|Any CPU
		{71377CDA-3227-47A7-87DC-264C814992EF}.Debug|Any CPU.ActiveCfg = Debug|Any CPU
		{71377CDA-3227-47A7-87DC-264C814992EF}.Debug|Any CPU.Build.0 = Debug|Any CPU
		{71377CDA-3227-47A7-87DC-264C814992EF}.Release|Any CPU.ActiveCfg = Release|Any CPU
		{71377CDA-3227-47A7-87DC-264C814992EF}.Release|Any CPU.Build.0 = Release|Any CPU
	EndGlobalSection
	GlobalSection(SolutionProperties) = preSolution
		HideSolutionNode = FALSE
	EndGlobalSection
	GlobalSection(ExtensibilityGlobals) = postSolution
		SolutionGuid = {C334EB3F-A562-46DD-9788-7AB025A31A87}
	EndGlobalSection
EndGlobal
